
Microsoft Visual Studio Solution File, Format Version 12.00
# Visual Studio Version 17
VisualStudioVersion = 17.11.35222.181
MinimumVisualStudioVersion = 10.0.40219.1
Project("{8BC9CEB8-8B4A-11D0-8D11-00A0C91BC942}") = "lb6.1", "lb6.1\lb6.1.vcxproj", "{1493E58C-6D4F-4006-9BC5-113EB09FF4E6}"
EndProject
Project("{8BC9CEB8-8B4A-11D0-8D11-00A0C91BC942}") = "UnitTest6.1", "UnitTest6.1\UnitTest6.1.vcxproj", "{7A023D59-CD56-431A-ADA1-17E149932314}"
EndProject
Global
	GlobalSection(SolutionConfigurationPlatforms) = preSolution
		Debug|x64 = Debug|x64
		Debug|x86 = Debug|x86
		Release|x64 = Release|x64
		Release|x86 = Release|x86
	EndGlobalSection
	GlobalSection(ProjectConfigurationPlatforms) = postSolution
		{1493E58C-6D4F-4006-9BC5-113EB09FF4E6}.Debug|x64.ActiveCfg = Debug|x64
		{1493E58C-6D4F-4006-9BC5-113EB09FF4E6}.Debug|x64.Build.0 = Debug|x64
		{1493E58C-6D4F-4006-9BC5-113EB09FF4E6}.Debug|x86.ActiveCfg = Debug|Win32
		{1493E58C-6D4F-4006-9BC5-113EB09FF4E6}.Debug|x86.Build.0 = Debug|Win32
		{1493E58C-6D4F-4006-9BC5-113EB09FF4E6}.Release|x64.ActiveCfg = Release|x64
		{1493E58C-6D4F-4006-9BC5-113EB09FF4E6}.Release|x64.Build.0 = Release|x64
		{1493E58C-6D4F-4006-9BC5-113EB09FF4E6}.Release|x86.ActiveCfg = Release|Win32
		{1493E58C-6D4F-4006-9BC5-113EB09FF4E6}.Release|x86.Build.0 = Release|Win32
		{7A023D59-CD56-431A-ADA1-17E149932314}.Debug|x64.ActiveCfg = Debug|x64
		{7A023D59-CD56-431A-ADA1-17E149932314}.Debug|x64.Build.0 = Debug|x64
		{7A023D59-CD56-431A-ADA1-17E149932314}.Debug|x86.ActiveCfg = Debug|Win32
		{7A023D59-CD56-431A-ADA1-17E149932314}.Debug|x86.Build.0 = Debug|Win32
		{7A023D59-CD56-431A-ADA1-17E149932314}.Release|x64.ActiveCfg = Release|x64
		{7A023D59-CD56-431A-ADA1-17E149932314}.Release|x64.Build.0 = Release|x64
		{7A023D59-CD56-431A-ADA1-17E149932314}.Release|x86.ActiveCfg = Release|Win32
		{7A023D59-CD56-431A-ADA1-17E149932314}.Release|x86.Build.0 = Release|Win32
	EndGlobalSection
	GlobalSection(SolutionProperties) = preSolution
		HideSolutionNode = FALSE
	EndGlobalSection
	GlobalSection(ExtensibilityGlobals) = postSolution
		SolutionGuid = {C745B9AC-E8FA-490D-982F-232915A4956D}
	EndGlobalSection
EndGlobal
